
Microsoft Visual Studio Solution File, Format Version 12.00
# Visual Studio 14
VisualStudioVersion = 14.0.23107.0
MinimumVisualStudioVersion = 10.0.40219.1
Project("{8BC9CEB8-8B4A-11D0-8D11-00A0C91BC942}") = "VirtualAx25", "VirtualAx25\VirtualAx25.vcxproj", "{49CEAE83-A7B6-4E1C-9C9E-EB397DA259C5}"
EndProject
Project("{2150E333-8FDC-42A3-9474-1A3956D46DE8}") = "Google Test", "Google Test", "{8E286B3F-EAB7-4630-ABD5-8EC362157C84}"
EndProject
Project("{8BC9CEB8-8B4A-11D0-8D11-00A0C91BC942}") = "gtest", "gtest\googletest\gtest.vcxproj", "{C8F6C172-56F2-4E76-B5FA-C3B423B31BE7}"
EndProject
Project("{8BC9CEB8-8B4A-11D0-8D11-00A0C91BC942}") = "gmock", "gtest\googlemock\gmock.vcxproj", "{34681F0D-CE45-415D-B5F2-5C662DFE3BD5}"
EndProject
Project("{8BC9CEB8-8B4A-11D0-8D11-00A0C91BC942}") = "VirtualAx25UnitTests", "VirtualAx25UnitTests\VirtualAx25UnitTests.vcxproj", "{61682BA9-369A-4BD7-ABA4-CA0896E75B70}"
EndProject
Global
	GlobalSection(SolutionConfigurationPlatforms) = preSolution
		Debug|ARM = Debug|ARM
		Debug|ARM64 = Debug|ARM64
		Debug|x64 = Debug|x64
		Debug|x86 = Debug|x86
		Release|ARM = Release|ARM
		Release|ARM64 = Release|ARM64
		Release|x64 = Release|x64
		Release|x86 = Release|x86
	EndGlobalSection
	GlobalSection(ProjectConfigurationPlatforms) = postSolution
		{49CEAE83-A7B6-4E1C-9C9E-EB397DA259C5}.Debug|ARM.ActiveCfg = Debug|ARM
		{49CEAE83-A7B6-4E1C-9C9E-EB397DA259C5}.Debug|ARM.Build.0 = Debug|ARM
		{49CEAE83-A7B6-4E1C-9C9E-EB397DA259C5}.Debug|ARM64.ActiveCfg = Debug|ARM64
		{49CEAE83-A7B6-4E1C-9C9E-EB397DA259C5}.Debug|ARM64.Build.0 = Debug|ARM64
		{49CEAE83-A7B6-4E1C-9C9E-EB397DA259C5}.Debug|x64.ActiveCfg = Debug|x64
		{49CEAE83-A7B6-4E1C-9C9E-EB397DA259C5}.Debug|x64.Build.0 = Debug|x64
		{49CEAE83-A7B6-4E1C-9C9E-EB397DA259C5}.Debug|x64.Deploy.0 = Debug|x64
		{49CEAE83-A7B6-4E1C-9C9E-EB397DA259C5}.Debug|x86.ActiveCfg = Debug|Win32
		{49CEAE83-A7B6-4E1C-9C9E-EB397DA259C5}.Debug|x86.Build.0 = Debug|Win32
		{49CEAE83-A7B6-4E1C-9C9E-EB397DA259C5}.Release|ARM.ActiveCfg = Release|ARM
		{49CEAE83-A7B6-4E1C-9C9E-EB397DA259C5}.Release|ARM.Build.0 = Release|ARM
		{49CEAE83-A7B6-4E1C-9C9E-EB397DA259C5}.Release|ARM64.ActiveCfg = Release|ARM64
		{49CEAE83-A7B6-4E1C-9C9E-EB397DA259C5}.Release|ARM64.Build.0 = Release|ARM64
		{49CEAE83-A7B6-4E1C-9C9E-EB397DA259C5}.Release|x64.ActiveCfg = Release|x64
		{49CEAE83-A7B6-4E1C-9C9E-EB397DA259C5}.Release|x64.Build.0 = Release|x64
		{49CEAE83-A7B6-4E1C-9C9E-EB397DA259C5}.Release|x64.Deploy.0 = Release|x64
		{49CEAE83-A7B6-4E1C-9C9E-EB397DA259C5}.Release|x86.ActiveCfg = Release|Win32
		{49CEAE83-A7B6-4E1C-9C9E-EB397DA259C5}.Release|x86.Build.0 = Release|Win32
		{C8F6C172-56F2-4E76-B5FA-C3B423B31BE7}.Debug|ARM.ActiveCfg = Debug|Win32
		{C8F6C172-56F2-4E76-B5FA-C3B423B31BE7}.Debug|ARM64.ActiveCfg = Debug|Win32
		{C8F6C172-56F2-4E76-B5FA-C3B423B31BE7}.Debug|x64.ActiveCfg = Debug|x64
		{C8F6C172-56F2-4E76-B5FA-C3B423B31BE7}.Debug|x64.Build.0 = Debug|x64
		{C8F6C172-56F2-4E76-B5FA-C3B423B31BE7}.Debug|x86.ActiveCfg = Debug|Win32
		{C8F6C172-56F2-4E76-B5FA-C3B423B31BE7}.Debug|x86.Build.0 = Debug|Win32
		{C8F6C172-56F2-4E76-B5FA-C3B423B31BE7}.Release|ARM.ActiveCfg = Release|Win32
		{C8F6C172-56F2-4E76-B5FA-C3B423B31BE7}.Release|ARM64.ActiveCfg = Release|Win32
		{C8F6C172-56F2-4E76-B5FA-C3B423B31BE7}.Release|x64.ActiveCfg = Release|x64
		{C8F6C172-56F2-4E76-B5FA-C3B423B31BE7}.Release|x64.Build.0 = Release|x64
		{C8F6C172-56F2-4E76-B5FA-C3B423B31BE7}.Release|x86.ActiveCfg = Release|Win32
		{C8F6C172-56F2-4E76-B5FA-C3B423B31BE7}.Release|x86.Build.0 = Release|Win32
		{34681F0D-CE45-415D-B5F2-5C662DFE3BD5}.Debug|ARM.ActiveCfg = Debug|Win32
		{34681F0D-CE45-415D-B5F2-5C662DFE3BD5}.Debug|ARM64.ActiveCfg = Debug|Win32
		{34681F0D-CE45-415D-B5F2-5C662DFE3BD5}.Debug|x64.ActiveCfg = Debug|x64
		{34681F0D-CE45-415D-B5F2-5C662DFE3BD5}.Debug|x64.Build.0 = Debug|x64
		{34681F0D-CE45-415D-B5F2-5C662DFE3BD5}.Debug|x86.ActiveCfg = Debug|Win32
		{34681F0D-CE45-415D-B5F2-5C662DFE3BD5}.Debug|x86.Build.0 = Debug|Win32
		{34681F0D-CE45-415D-B5F2-5C662DFE3BD5}.Release|ARM.ActiveCfg = Release|Win32
		{34681F0D-CE45-415D-B5F2-5C662DFE3BD5}.Release|ARM64.ActiveCfg = Release|Win32
		{34681F0D-CE45-415D-B5F2-5C662DFE3BD5}.Release|x64.ActiveCfg = Release|x64
		{34681F0D-CE45-415D-B5F2-5C662DFE3BD5}.Release|x64.Build.0 = Release|x64
		{34681F0D-CE45-415D-B5F2-5C662DFE3BD5}.Release|x86.ActiveCfg = Release|Win32
		{34681F0D-CE45-415D-B5F2-5C662DFE3BD5}.Release|x86.Build.0 = Release|Win32
		{61682BA9-369A-4BD7-ABA4-CA0896E75B70}.Debug|ARM.ActiveCfg = Debug|Win32
		{61682BA9-369A-4BD7-ABA4-CA0896E75B70}.Debug|ARM64.ActiveCfg = Debug|Win32
		{61682BA9-369A-4BD7-ABA4-CA0896E75B70}.Debug|x64.ActiveCfg = Debug|x64
		{61682BA9-369A-4BD7-ABA4-CA0896E75B70}.Debug|x64.Build.0 = Debug|x64
		{61682BA9-369A-4BD7-ABA4-CA0896E75B70}.Debug|x64.Deploy.0 = Debug|x64
		{61682BA9-369A-4BD7-ABA4-CA0896E75B70}.Debug|x86.ActiveCfg = Debug|Win32
		{61682BA9-369A-4BD7-ABA4-CA0896E75B70}.Debug|x86.Build.0 = Debug|Win32
		{61682BA9-369A-4BD7-ABA4-CA0896E75B70}.Release|ARM.ActiveCfg = Release|Win32
		{61682BA9-369A-4BD7-ABA4-CA0896E75B70}.Release|ARM64.ActiveCfg = Release|Win32
		{61682BA9-369A-4BD7-ABA4-CA0896E75B70}.Release|x64.ActiveCfg = Release|x64
		{61682BA9-369A-4BD7-ABA4-CA0896E75B70}.Release|x64.Build.0 = Release|x64
		{61682BA9-369A-4BD7-ABA4-CA0896E75B70}.Release|x64.Deploy.0 = Release|x64
		{61682BA9-369A-4BD7-ABA4-CA0896E75B70}.Release|x86.ActiveCfg = Release|Win32
		{61682BA9-369A-4BD7-ABA4-CA0896E75B70}.Release|x86.Build.0 = Release|Win32
	EndGlobalSection
	GlobalSection(SolutionProperties) = preSolution
		HideSolutionNode = FALSE
	EndGlobalSection
	GlobalSection(NestedProjects) = preSolution
		{C8F6C172-56F2-4E76-B5FA-C3B423B31BE7} = {8E286B3F-EAB7-4630-ABD5-8EC362157C84}
		{34681F0D-CE45-415D-B5F2-5C662DFE3BD5} = {8E286B3F-EAB7-4630-ABD5-8EC362157C84}
	EndGlobalSection
EndGlobal
